Microsoft Visual Studio Solution File, Format Version 12.00
# Visual Studio 15
VisualStudioVersion = 15.0.28010.2003
MinimumVisualStudioVersion = 10.0.40219.1
Project("{9A19103F-16F7-4668-BE54-9A1E7A4F7556}") = "FindReplaceCode", "src\FindReplaceCode\FindReplaceCode.csproj", "{4E2B87C2-B50A-4876-A1EC-118554B4B389}"
EndProject
Project("{2150E333-8FDC-42A3-9474-1A3956D46DE8}") = "Solution Items", "Solution Items", "{8C2B8692-C413-4D47-BBC5-046E63526F9D}"
	ProjectSection(SolutionItems) = preProject
		.editorconfig = .editorconfig
		.gitattributes = .gitattributes
		.gitignore = .gitignore
		.travis.yml = .travis.yml
		appveyor.yml = appveyor.yml
		build.cake = build.cake
		build.ps1 = build.ps1
		build.sh = build.sh
		CONTRIBUTING.md = CONTRIBUTING.md
		LICENSE = LICENSE
		README.md = README.md
		VersionHistory.md = VersionHistory.md
	EndProjectSection
EndProject
Global
	GlobalSection(SolutionConfigurationPlatforms) = preSolution
		Debug|Any CPU = Debug|Any CPU
		Release|Any CPU = Release|Any CPU
	EndGlobalSection
	GlobalSection(ProjectConfigurationPlatforms) = postSolution
		{4E2B87C2-B50A-4876-A1EC-118554B4B389}.Debug|Any CPU.ActiveCfg = Debug|Any CPU
		{4E2B87C2-B50A-4876-A1EC-118554B4B389}.Debug|Any CPU.Build.0 = Debug|Any CPU
		{4E2B87C2-B50A-4876-A1EC-118554B4B389}.Release|Any CPU.ActiveCfg = Release|Any CPU
		{4E2B87C2-B50A-4876-A1EC-118554B4B389}.Release|Any CPU.Build.0 = Release|Any CPU
	EndGlobalSection
	GlobalSection(SolutionProperties) = preSolution
		HideSolutionNode = FALSE
	EndGlobalSection
	GlobalSection(ExtensibilityGlobals) = postSolution
		    SolutionGuid = {61721187-4DC2-4A62-9B7A-93E34B4071E5}
		SolutionGuid = {C2367BAD-9F87-4BED-8E58-C1D7E5C3FE51}
	EndGlobalSection
EndGlobal
